
Microsoft Visual Studio Solution File, Format Version 12.00
# Visual Studio Version 16
VisualStudioVersion = 16.0.30907.101
MinimumVisualStudioVersion = 10.0.40219.1
Project("{FAE04EC0-301F-11D3-BF4B-00C04F79EFBC}") = "zShop", "zShop.csproj", "{865725BF-D642-4EE2-9CA7-B8277A53BB42}"
EndProject
Global
	GlobalSection(SolutionConfigurationPlatforms) = preSolution
		Debug|Any CPU = Debug|Any CPU
		Release|Any CPU = Release|Any CPU
	EndGlobalSection
	GlobalSection(ProjectConfigurationPlatforms) = postSolution
		{865725BF-D642-4EE2-9CA7-B8277A53BB42}.Debug|Any CPU.ActiveCfg = Debug|Any CPU
		{865725BF-D642-4EE2-9CA7-B8277A53BB42}.Debug|Any CPU.Build.0 = Debug|Any CPU
		{865725BF-D642-4EE2-9CA7-B8277A53BB42}.Release|Any CPU.ActiveCfg = Release|Any CPU
		{865725BF-D642-4EE2-9CA7-B8277A53BB42}.Release|Any CPU.Build.0 = Release|Any CPU
	EndGlobalSection
	GlobalSection(SolutionProperties) = preSolution
		HideSolutionNode = FALSE
	EndGlobalSection
	GlobalSection(ExtensibilityGlobals) = postSolution
		SolutionGuid = {52E9D2B1-62F8-4E28-B324-8217DD8616E3}
	EndGlobalSection
EndGlobal
