
Microsoft Visual Studio Solution File, Format Version 12.00
# Visual Studio Version 16
VisualStudioVersion = 16.0.30907.101
MinimumVisualStudioVersion = 10.0.40219.1
Project("{9A19103F-16F7-4668-BE54-9A1E7A4F7556}") = "Data", "Data\Data.csproj", "{8288D018-C677-4CEF-A736-50A16A3B0066}"
EndProject
Project("{9A19103F-16F7-4668-BE54-9A1E7A4F7556}") = "zShopConsole", "Console\zShopConsole\zShopConsole.csproj", "{1834EBE4-F4BA-4D61-974E-3B38B1060CB2}"
EndProject
Project("{9A19103F-16F7-4668-BE54-9A1E7A4F7556}") = "Service", "Service\Service\Service.csproj", "{B3EB564A-500E-4A55-9B69-5263A4F19022}"
EndProject
Project("{FAE04EC0-301F-11D3-BF4B-00C04F79EFBC}") = "zShop_UnitTester", "xUnitTest\zShop_UnitTester\zShop_UnitTester.csproj", "{C21A1467-0F22-4514-85B7-D63C17DBC637}"
EndProject
Global
	GlobalSection(SolutionConfigurationPlatforms) = preSolution
		Debug|Any CPU = Debug|Any CPU
		Release|Any CPU = Release|Any CPU
	EndGlobalSection
	GlobalSection(ProjectConfigurationPlatforms) = postSolution
		{8288D018-C677-4CEF-A736-50A16A3B0066}.Debug|Any CPU.ActiveCfg = Debug|Any CPU
		{8288D018-C677-4CEF-A736-50A16A3B0066}.Debug|Any CPU.Build.0 = Debug|Any CPU
		{8288D018-C677-4CEF-A736-50A16A3B0066}.Release|Any CPU.ActiveCfg = Release|Any CPU
		{8288D018-C677-4CEF-A736-50A16A3B0066}.Release|Any CPU.Build.0 = Release|Any CPU
		{1834EBE4-F4BA-4D61-974E-3B38B1060CB2}.Debug|Any CPU.ActiveCfg = Debug|Any CPU
		{1834EBE4-F4BA-4D61-974E-3B38B1060CB2}.Debug|Any CPU.Build.0 = Debug|Any CPU
		{1834EBE4-F4BA-4D61-974E-3B38B1060CB2}.Release|Any CPU.ActiveCfg = Release|Any CPU
		{1834EBE4-F4BA-4D61-974E-3B38B1060CB2}.Release|Any CPU.Build.0 = Release|Any CPU
		{B3EB564A-500E-4A55-9B69-5263A4F19022}.Debug|Any CPU.ActiveCfg = Debug|Any CPU
		{B3EB564A-500E-4A55-9B69-5263A4F19022}.Debug|Any CPU.Build.0 = Debug|Any CPU
		{B3EB564A-500E-4A55-9B69-5263A4F19022}.Release|Any CPU.ActiveCfg = Release|Any CPU
		{B3EB564A-500E-4A55-9B69-5263A4F19022}.Release|Any CPU.Build.0 = Release|Any CPU
		{C21A1467-0F22-4514-85B7-D63C17DBC637}.Debug|Any CPU.ActiveCfg = Debug|Any CPU
		{C21A1467-0F22-4514-85B7-D63C17DBC637}.Debug|Any CPU.Build.0 = Debug|Any CPU
		{C21A1467-0F22-4514-85B7-D63C17DBC637}.Release|Any CPU.ActiveCfg = Release|Any CPU
		{C21A1467-0F22-4514-85B7-D63C17DBC637}.Release|Any CPU.Build.0 = Release|Any CPU
	EndGlobalSection
	GlobalSection(SolutionProperties) = preSolution
		HideSolutionNode = FALSE
	EndGlobalSection
	GlobalSection(ExtensibilityGlobals) = postSolution
		SolutionGuid = {52E9D2B1-62F8-4E28-B324-8217DD8616E3}
	EndGlobalSection
EndGlobal
